{
  "name": "agentfi",
  "version": "0.1.0",
  "lockfileVersion": 1,
  "requires": true,
  "dependencies": {
    "turbo": {
      "version": "2.8.14",
      "resolved": "https://registry.npmjs.org/turbo/-/turbo-2.8.14.tgz",
      "integrity": "sha512-UCTxeMNYT1cKaHiIFdLCQ7ulI+jw5i5uOnJOrRXsgUD7G3+OjlUjwVd7JfeVt2McWSVGjYA3EVW/v1FSsJ5DtA==",
      "dev": true,
      "requires": {
        "turbo-darwin-64": "2.8.14",
        "turbo-darwin-arm64": "2.8.14",
        "turbo-linux-64": "2.8.14",
        "turbo-linux-arm64": "2.8.14",
        "turbo-windows-64": "2.8.14",
        "turbo-windows-arm64": "2.8.14"
      }
    },
    "turbo-darwin-64": {
      "version": "2.8.14",
      "resolved": "https://registry.npmjs.org/turbo-darwin-64/-/turbo-darwin-64-2.8.14.tgz",
      "integrity": "sha512-9sFi7n2lLfEsGWi5OEoA/eTtQU2BPKtzSYKqufMtDeRmqMT9vKjbv9gJCRkllSVE9BOXA0qXC3diyX8V8rKIKw==",
      "dev": true,
      "optional": true
    },
    "turbo-darwin-arm64": {
      "version": "2.8.14",
      "resolved": "https://registry.npmjs.org/turbo-darwin-arm64/-/turbo-darwin-arm64-2.8.14.tgz",
      "integrity": "sha512-aS4yJuy6A1PCLws+PJpZP0qCURG8Y5iVx13z/WAbKyeDTY6W6PiGgcEllSaeLGxyn++382ztN/EZH85n2zZ6VQ==",
      "dev": true,
      "optional": true
    },
    "turbo-linux-64": {
      "version": "2.8.14",
      "resolved": "https://registry.npmjs.org/turbo-linux-64/-/turbo-linux-64-2.8.14.tgz",
      "integrity": "sha512-XC6wPUDJkakjhNLaS0NrHDMiujRVjH+naEAwvKLArgqRaFkNxjmyNDRM4eu3soMMFmjym6NTxYaF74rvET+Orw==",
      "dev": true,
      "optional": true
    },
    "turbo-linux-arm64": {
      "version": "2.8.14",
      "resolved": "https://registry.npmjs.org/turbo-linux-arm64/-/turbo-linux-arm64-2.8.14.tgz",
      "integrity": "sha512-ChfE7isyVNjZrVSPDwcfqcHLG/FuIBbOFxnt1FM8vSuBGzHAs8AlTdwFNIxlEMJfZ8Ad9mdMxdmsCUPIWiQ6cg==",
      "dev": true,
      "optional": true
    },
    "turbo-windows-64": {
      "version": "2.8.14",
      "resolved": "https://registry.npmjs.org/turbo-windows-64/-/turbo-windows-64-2.8.14.tgz",
      "integrity": "sha512-FTbIeQL1ycLFW2t9uQNMy+bRSzi3Xhwun/e7ZhFBdM+U0VZxxrtfYEBM9CHOejlfqomk6Jh7aRz0sJoqYn39Hg==",
      "dev": true,
      "optional": true
    },
    "turbo-windows-arm64": {
      "version": "2.8.14",
      "resolved": "https://registry.npmjs.org/turbo-windows-arm64/-/turbo-windows-arm64-2.8.14.tgz",
      "integrity": "sha512-KgZX12cTyhY030qS7ieT8zRkhZZE2VWJasDFVUSVVn17nR7IShpv68/7j5UqJNeRLIGF1XPK0phsP5V5yw3how==",
      "dev": true,
      "optional": true
    }
  }
}
